
Microsoft Visual Studio Solution File, Format Version 12.00
# Visual Studio Version 17
VisualStudioVersion = 17.0.31903.59
MinimumVisualStudioVersion = 10.0.40219.1
Project("{FAE04EC0-301F-11D3-BF4B-00C04F79EFBC}") = "BankAccountDemo", "BankAccountDemo\BankAccountDemo.csproj", "{57768860-9E37-4DBD-8AB8-C8E9C3BD4546}"
EndProject
Project("{FAE04EC0-301F-11D3-BF4B-00C04F79EFBC}") = "BankAccountTest", "BankAccountTest\BankAccountTest.csproj", "{9A2A1225-C65F-40DA-B32D-882BD5A19A97}"
EndProject
Global
	GlobalSection(SolutionConfigurationPlatforms) = preSolution
		Debug|Any CPU = Debug|Any CPU
		Debug|x64 = Debug|x64
		Debug|x86 = Debug|x86
		Release|Any CPU = Release|Any CPU
		Release|x64 = Release|x64
		Release|x86 = Release|x86
	EndGlobalSection
	GlobalSection(ProjectConfigurationPlatforms) = postSolution
		{57768860-9E37-4DBD-8AB8-C8E9C3BD4546}.Debug|Any CPU.ActiveCfg = Debug|Any CPU
		{57768860-9E37-4DBD-8AB8-C8E9C3BD4546}.Debug|Any CPU.Build.0 = Debug|Any CPU
		{57768860-9E37-4DBD-8AB8-C8E9C3BD4546}.Debug|x64.ActiveCfg = Debug|Any CPU
		{57768860-9E37-4DBD-8AB8-C8E9C3BD4546}.Debug|x64.Build.0 = Debug|Any CPU
		{57768860-9E37-4DBD-8AB8-C8E9C3BD4546}.Debug|x86.ActiveCfg = Debug|Any CPU
		{57768860-9E37-4DBD-8AB8-C8E9C3BD4546}.Debug|x86.Build.0 = Debug|Any CPU
		{57768860-9E37-4DBD-8AB8-C8E9C3BD4546}.Release|Any CPU.ActiveCfg = Release|Any CPU
		{57768860-9E37-4DBD-8AB8-C8E9C3BD4546}.Release|Any CPU.Build.0 = Release|Any CPU
		{57768860-9E37-4DBD-8AB8-C8E9C3BD4546}.Release|x64.ActiveCfg = Release|Any CPU
		{57768860-9E37-4DBD-8AB8-C8E9C3BD4546}.Release|x64.Build.0 = Release|Any CPU
		{57768860-9E37-4DBD-8AB8-C8E9C3BD4546}.Release|x86.ActiveCfg = Release|Any CPU
		{57768860-9E37-4DBD-8AB8-C8E9C3BD4546}.Release|x86.Build.0 = Release|Any CPU
		{9A2A1225-C65F-40DA-B32D-882BD5A19A97}.Debug|Any CPU.ActiveCfg = Debug|Any CPU
		{9A2A1225-C65F-40DA-B32D-882BD5A19A97}.Debug|Any CPU.Build.0 = Debug|Any CPU
		{9A2A1225-C65F-40DA-B32D-882BD5A19A97}.Debug|x64.ActiveCfg = Debug|Any CPU
		{9A2A1225-C65F-40DA-B32D-882BD5A19A97}.Debug|x64.Build.0 = Debug|Any CPU
		{9A2A1225-C65F-40DA-B32D-882BD5A19A97}.Debug|x86.ActiveCfg = Debug|Any CPU
		{9A2A1225-C65F-40DA-B32D-882BD5A19A97}.Debug|x86.Build.0 = Debug|Any CPU
		{9A2A1225-C65F-40DA-B32D-882BD5A19A97}.Release|Any CPU.ActiveCfg = Release|Any CPU
		{9A2A1225-C65F-40DA-B32D-882BD5A19A97}.Release|Any CPU.Build.0 = Release|Any CPU
		{9A2A1225-C65F-40DA-B32D-882BD5A19A97}.Release|x64.ActiveCfg = Release|Any CPU
		{9A2A1225-C65F-40DA-B32D-882BD5A19A97}.Release|x64.Build.0 = Release|Any CPU
		{9A2A1225-C65F-40DA-B32D-882BD5A19A97}.Release|x86.ActiveCfg = Release|Any CPU
		{9A2A1225-C65F-40DA-B32D-882BD5A19A97}.Release|x86.Build.0 = Release|Any CPU
	EndGlobalSection
	GlobalSection(SolutionProperties) = preSolution
		HideSolutionNode = FALSE
	EndGlobalSection
EndGlobal
